
Microsoft Visual Studio Solution File, Format Version 12.00
# Visual Studio Version 17
VisualStudioVersion = 17.8.34322.80
MinimumVisualStudioVersion = 10.0.40219.1
Project("{2150E333-8FDC-42A3-9474-1A3956D46DE8}") = "Catalog", "Catalog", "{12B7E52B-D4C5-48D7-A0C1-E147F73B7C5F}"
EndProject
Project("{9A19103F-16F7-4668-BE54-9A1E7A4F7556}") = "Catalog.Host", "Catalog.Host\Catalog.Host.csproj", "{E5BF3033-74A8-4278-A658-DBFCD2D07768}"
EndProject
Project("{2150E333-8FDC-42A3-9474-1A3956D46DE8}") = "Solution Items", "Solution Items", "{39423E92-35D3-4204-AE6D-65222E25F353}"
	ProjectSection(SolutionItems) = preProject
		docker-compose.yml = docker-compose.yml
	EndProjectSection
EndProject
Project("{2150E333-8FDC-42A3-9474-1A3956D46DE8}") = "Infrastructure", "Infrastructure", "{8CB462EB-DCC6-480D-9A1D-90D3256E1323}"
EndProject
Project("{9A19103F-16F7-4668-BE54-9A1E7A4F7556}") = "Infrastructure", "Infrastructure\Infrastructure.csproj", "{5D3102EA-2AAB-40DC-86FD-3530678EF86C}"
EndProject
Project("{FAE04EC0-301F-11D3-BF4B-00C04F79EFBC}") = "Catalog.UnitTests", "Catalog.UnitTests\Catalog.UnitTests.csproj", "{614FD28A-487C-4A54-B747-A8C520D6A92F}"
EndProject
Project("{FAE04EC0-301F-11D3-BF4B-00C04F79EFBC}") = "Infrastructure.UnitTests", "Infrastructure.UnitTests\Infrastructure.UnitTests.csproj", "{9644F547-3EC3-46B8-800A-F711C6C4227D}"
EndProject
Global
	GlobalSection(SolutionConfigurationPlatforms) = preSolution
		Debug|Any CPU = Debug|Any CPU
		Release|Any CPU = Release|Any CPU
	EndGlobalSection
	GlobalSection(ProjectConfigurationPlatforms) = postSolution
		{E5BF3033-74A8-4278-A658-DBFCD2D07768}.Debug|Any CPU.ActiveCfg = Debug|Any CPU
		{E5BF3033-74A8-4278-A658-DBFCD2D07768}.Debug|Any CPU.Build.0 = Debug|Any CPU
		{E5BF3033-74A8-4278-A658-DBFCD2D07768}.Release|Any CPU.ActiveCfg = Release|Any CPU
		{E5BF3033-74A8-4278-A658-DBFCD2D07768}.Release|Any CPU.Build.0 = Release|Any CPU
		{5D3102EA-2AAB-40DC-86FD-3530678EF86C}.Debug|Any CPU.ActiveCfg = Debug|Any CPU
		{5D3102EA-2AAB-40DC-86FD-3530678EF86C}.Debug|Any CPU.Build.0 = Debug|Any CPU
		{5D3102EA-2AAB-40DC-86FD-3530678EF86C}.Release|Any CPU.ActiveCfg = Release|Any CPU
		{5D3102EA-2AAB-40DC-86FD-3530678EF86C}.Release|Any CPU.Build.0 = Release|Any CPU
		{614FD28A-487C-4A54-B747-A8C520D6A92F}.Debug|Any CPU.ActiveCfg = Debug|Any CPU
		{614FD28A-487C-4A54-B747-A8C520D6A92F}.Debug|Any CPU.Build.0 = Debug|Any CPU
		{614FD28A-487C-4A54-B747-A8C520D6A92F}.Release|Any CPU.ActiveCfg = Release|Any CPU
		{614FD28A-487C-4A54-B747-A8C520D6A92F}.Release|Any CPU.Build.0 = Release|Any CPU
		{9644F547-3EC3-46B8-800A-F711C6C4227D}.Debug|Any CPU.ActiveCfg = Debug|Any CPU
		{9644F547-3EC3-46B8-800A-F711C6C4227D}.Debug|Any CPU.Build.0 = Debug|Any CPU
		{9644F547-3EC3-46B8-800A-F711C6C4227D}.Release|Any CPU.ActiveCfg = Release|Any CPU
		{9644F547-3EC3-46B8-800A-F711C6C4227D}.Release|Any CPU.Build.0 = Release|Any CPU
	EndGlobalSection
	GlobalSection(SolutionProperties) = preSolution
		HideSolutionNode = FALSE
	EndGlobalSection
	GlobalSection(NestedProjects) = preSolution
		{E5BF3033-74A8-4278-A658-DBFCD2D07768} = {12B7E52B-D4C5-48D7-A0C1-E147F73B7C5F}
		{5D3102EA-2AAB-40DC-86FD-3530678EF86C} = {8CB462EB-DCC6-480D-9A1D-90D3256E1323}
		{614FD28A-487C-4A54-B747-A8C520D6A92F} = {12B7E52B-D4C5-48D7-A0C1-E147F73B7C5F}
		{9644F547-3EC3-46B8-800A-F711C6C4227D} = {8CB462EB-DCC6-480D-9A1D-90D3256E1323}
	EndGlobalSection
	GlobalSection(ExtensibilityGlobals) = postSolution
		SolutionGuid = {23B9F5FF-8A9E-4E73-87A8-33AFFE3F2B65}
	EndGlobalSection
EndGlobal
