
Microsoft Visual Studio Solution File, Format Version 12.00
# Visual Studio Version 17
VisualStudioVersion = 17.6.33815.320
MinimumVisualStudioVersion = 10.0.40219.1
Project("{FAE04EC0-301F-11D3-BF4B-00C04F79EFBC}") = "Module2_HM3_Inheritance", "Module2_HM3_Inheritance\Module2_HM3_Inheritance.csproj", "{EEED2CD5-53DB-4809-9316-37D788F354FF}"
EndProject
Global
	GlobalSection(SolutionConfigurationPlatforms) = preSolution
		Debug|Any CPU = Debug|Any CPU
		Release|Any CPU = Release|Any CPU
	EndGlobalSection
	GlobalSection(ProjectConfigurationPlatforms) = postSolution
		{EEED2CD5-53DB-4809-9316-37D788F354FF}.Debug|Any CPU.ActiveCfg = Debug|Any CPU
		{EEED2CD5-53DB-4809-9316-37D788F354FF}.Debug|Any CPU.Build.0 = Debug|Any CPU
		{EEED2CD5-53DB-4809-9316-37D788F354FF}.Release|Any CPU.ActiveCfg = Release|Any CPU
		{EEED2CD5-53DB-4809-9316-37D788F354FF}.Release|Any CPU.Build.0 = Release|Any CPU
	EndGlobalSection
	GlobalSection(SolutionProperties) = preSolution
		HideSolutionNode = FALSE
	EndGlobalSection
	GlobalSection(ExtensibilityGlobals) = postSolution
		SolutionGuid = {EAE478A9-8446-4E4B-B1D5-D24FE9596D8E}
	EndGlobalSection
EndGlobal
