
Microsoft Visual Studio Solution File, Format Version 12.00
# Visual Studio Version 17
VisualStudioVersion = 17.6.33815.320
MinimumVisualStudioVersion = 10.0.40219.1
Project("{FAE04EC0-301F-11D3-BF4B-00C04F79EFBC}") = "SearchingSortingRecursion", "SearchingSortingRecursion\SearchingSortingRecursion.csproj", "{39444213-B836-424A-AE59-145E6C4D5771}"
EndProject
Global
	GlobalSection(SolutionConfigurationPlatforms) = preSolution
		Debug|Any CPU = Debug|Any CPU
		Release|Any CPU = Release|Any CPU
	EndGlobalSection
	GlobalSection(ProjectConfigurationPlatforms) = postSolution
		{39444213-B836-424A-AE59-145E6C4D5771}.Debug|Any CPU.ActiveCfg = Debug|Any CPU
		{39444213-B836-424A-AE59-145E6C4D5771}.Debug|Any CPU.Build.0 = Debug|Any CPU
		{39444213-B836-424A-AE59-145E6C4D5771}.Release|Any CPU.ActiveCfg = Release|Any CPU
		{39444213-B836-424A-AE59-145E6C4D5771}.Release|Any CPU.Build.0 = Release|Any CPU
	EndGlobalSection
	GlobalSection(SolutionProperties) = preSolution
		HideSolutionNode = FALSE
	EndGlobalSection
	GlobalSection(ExtensibilityGlobals) = postSolution
		SolutionGuid = {D3CDB984-4BEF-42FB-8118-6412E1E1E745}
	EndGlobalSection
EndGlobal
