
Microsoft Visual Studio Solution File, Format Version 12.00
# Visual Studio Version 17
VisualStudioVersion = 17.6.33815.320
MinimumVisualStudioVersion = 10.0.40219.1
Project("{FAE04EC0-301F-11D3-BF4B-00C04F79EFBC}") = "Module3HM4_Threads", "Module3HM4_Threads\Module3HM4_Threads.csproj", "{AD39C7BF-DE05-421E-A8B2-BE85C9067581}"
EndProject
Global
	GlobalSection(SolutionConfigurationPlatforms) = preSolution
		Debug|Any CPU = Debug|Any CPU
		Release|Any CPU = Release|Any CPU
	EndGlobalSection
	GlobalSection(ProjectConfigurationPlatforms) = postSolution
		{AD39C7BF-DE05-421E-A8B2-BE85C9067581}.Debug|Any CPU.ActiveCfg = Debug|Any CPU
		{AD39C7BF-DE05-421E-A8B2-BE85C9067581}.Debug|Any CPU.Build.0 = Debug|Any CPU
		{AD39C7BF-DE05-421E-A8B2-BE85C9067581}.Release|Any CPU.ActiveCfg = Release|Any CPU
		{AD39C7BF-DE05-421E-A8B2-BE85C9067581}.Release|Any CPU.Build.0 = Release|Any CPU
	EndGlobalSection
	GlobalSection(SolutionProperties) = preSolution
		HideSolutionNode = FALSE
	EndGlobalSection
	GlobalSection(ExtensibilityGlobals) = postSolution
		SolutionGuid = {CE77D10C-1E02-4D56-B379-33E8DD85335E}
	EndGlobalSection
EndGlobal
