
Microsoft Visual Studio Solution File, Format Version 12.00
# Visual Studio Version 17
VisualStudioVersion = 17.6.33815.320
MinimumVisualStudioVersion = 10.0.40219.1
Project("{FAE04EC0-301F-11D3-BF4B-00C04F79EFBC}") = "Module4HM4_EF", "Module4HM4_EF\Module4HM4_EF.csproj", "{995DDA8F-7DCC-40D1-BB86-573B1E856365}"
EndProject
Global
	GlobalSection(SolutionConfigurationPlatforms) = preSolution
		Debug|Any CPU = Debug|Any CPU
		Release|Any CPU = Release|Any CPU
	EndGlobalSection
	GlobalSection(ProjectConfigurationPlatforms) = postSolution
		{995DDA8F-7DCC-40D1-BB86-573B1E856365}.Debug|Any CPU.ActiveCfg = Debug|Any CPU
		{995DDA8F-7DCC-40D1-BB86-573B1E856365}.Debug|Any CPU.Build.0 = Debug|Any CPU
		{995DDA8F-7DCC-40D1-BB86-573B1E856365}.Release|Any CPU.ActiveCfg = Release|Any CPU
		{995DDA8F-7DCC-40D1-BB86-573B1E856365}.Release|Any CPU.Build.0 = Release|Any CPU
	EndGlobalSection
	GlobalSection(SolutionProperties) = preSolution
		HideSolutionNode = FALSE
	EndGlobalSection
	GlobalSection(ExtensibilityGlobals) = postSolution
		SolutionGuid = {3C26868F-D374-453E-BF22-51FC21AAB9E5}
	EndGlobalSection
EndGlobal
